
Microsoft Visual Studio Solution File, Format Version 12.00
# Visual Studio 14
VisualStudioVersion = 14.0.25123.0
MinimumVisualStudioVersion = 10.0.40219.1
Project("{FAE04EC0-301F-11D3-BF4B-00C04F79EFBC}") = "Lab2.2", "Lab2.2\Lab2.2.csproj", "{B7850024-3D19-48D0-8164-1D96DDBB70CC}"
EndProject
Project("{FAE04EC0-301F-11D3-BF4B-00C04F79EFBC}") = "CalculatorTest", "CalculatorTest\CalculatorTest.csproj", "{6C9E9064-F5D1-467E-9EEC-476BD0B48FB6}"
EndProject
Global
	GlobalSection(SolutionConfigurationPlatforms) = preSolution
		Debug|Any CPU = Debug|Any CPU
		Release|Any CPU = Release|Any CPU
	EndGlobalSection
	GlobalSection(ProjectConfigurationPlatforms) = postSolution
		{B7850024-3D19-48D0-8164-1D96DDBB70CC}.Debug|Any CPU.ActiveCfg = Debug|Any CPU
		{B7850024-3D19-48D0-8164-1D96DDBB70CC}.Debug|Any CPU.Build.0 = Debug|Any CPU
		{B7850024-3D19-48D0-8164-1D96DDBB70CC}.Release|Any CPU.ActiveCfg = Release|Any CPU
		{B7850024-3D19-48D0-8164-1D96DDBB70CC}.Release|Any CPU.Build.0 = Release|Any CPU
		{6C9E9064-F5D1-467E-9EEC-476BD0B48FB6}.Debug|Any CPU.ActiveCfg = Debug|Any CPU
		{6C9E9064-F5D1-467E-9EEC-476BD0B48FB6}.Debug|Any CPU.Build.0 = Debug|Any CPU
		{6C9E9064-F5D1-467E-9EEC-476BD0B48FB6}.Release|Any CPU.ActiveCfg = Release|Any CPU
		{6C9E9064-F5D1-467E-9EEC-476BD0B48FB6}.Release|Any CPU.Build.0 = Release|Any CPU
	EndGlobalSection
	GlobalSection(SolutionProperties) = preSolution
		HideSolutionNode = FALSE
	EndGlobalSection
EndGlobal
